
Microsoft Visual Studio Solution File, Format Version 12.00
# Visual Studio 15
VisualStudioVersion = 15.0.26228.21
MinimumVisualStudioVersion = 10.0.40219.1
Project("{FAE04EC0-301F-11D3-BF4B-00C04F79EFBC}") = "WebScraping", "WebScraping\WebScraping.csproj", "{7B1F8DBE-AB6C-4A82-9450-3F873F1E0797}"
EndProject
Project("{FAE04EC0-301F-11D3-BF4B-00C04F79EFBC}") = "WebScraping.Library", "WebScraping.Library\WebScraping.Library.csproj", "{E30F6319-724F-41DD-A5EF-A10EC83FC08D}"
EndProject
Project("{FAE04EC0-301F-11D3-BF4B-00C04F79EFBC}") = "WebScraping.Scraper", "WebScraping.Scraper\WebScraping.Scraper.csproj", "{91E38F46-CD40-4950-AB23-CF3B7721779D}"
EndProject
Project("{FAE04EC0-301F-11D3-BF4B-00C04F79EFBC}") = "WebScraping.Broker", "ScrapingBroker\WebScraping.Broker.csproj", "{305FA0AD-4825-43E7-B77C-825D64CBE671}"
EndProject
Project("{FAE04EC0-301F-11D3-BF4B-00C04F79EFBC}") = "WebScraping.Only1Scraper", "WebScraping.Only1Scraper\WebScraping.Only1Scraper.csproj", "{857FFD27-9756-4F21-B4D1-39971F93830F}"
EndProject
Global
	GlobalSection(SolutionConfigurationPlatforms) = preSolution
		Debug|Any CPU = Debug|Any CPU
		Release|Any CPU = Release|Any CPU
	EndGlobalSection
	GlobalSection(ProjectConfigurationPlatforms) = postSolution
		{7B1F8DBE-AB6C-4A82-9450-3F873F1E0797}.Debug|Any CPU.ActiveCfg = Debug|Any CPU
		{7B1F8DBE-AB6C-4A82-9450-3F873F1E0797}.Debug|Any CPU.Build.0 = Debug|Any CPU
		{7B1F8DBE-AB6C-4A82-9450-3F873F1E0797}.Release|Any CPU.ActiveCfg = Release|Any CPU
		{7B1F8DBE-AB6C-4A82-9450-3F873F1E0797}.Release|Any CPU.Build.0 = Release|Any CPU
		{E30F6319-724F-41DD-A5EF-A10EC83FC08D}.Debug|Any CPU.ActiveCfg = Debug|Any CPU
		{E30F6319-724F-41DD-A5EF-A10EC83FC08D}.Debug|Any CPU.Build.0 = Debug|Any CPU
		{E30F6319-724F-41DD-A5EF-A10EC83FC08D}.Release|Any CPU.ActiveCfg = Release|Any CPU
		{E30F6319-724F-41DD-A5EF-A10EC83FC08D}.Release|Any CPU.Build.0 = Release|Any CPU
		{91E38F46-CD40-4950-AB23-CF3B7721779D}.Debug|Any CPU.ActiveCfg = Debug|Any CPU
		{91E38F46-CD40-4950-AB23-CF3B7721779D}.Debug|Any CPU.Build.0 = Debug|Any CPU
		{91E38F46-CD40-4950-AB23-CF3B7721779D}.Release|Any CPU.ActiveCfg = Release|Any CPU
		{91E38F46-CD40-4950-AB23-CF3B7721779D}.Release|Any CPU.Build.0 = Release|Any CPU
		{305FA0AD-4825-43E7-B77C-825D64CBE671}.Debug|Any CPU.ActiveCfg = Debug|Any CPU
		{305FA0AD-4825-43E7-B77C-825D64CBE671}.Debug|Any CPU.Build.0 = Debug|Any CPU
		{305FA0AD-4825-43E7-B77C-825D64CBE671}.Release|Any CPU.ActiveCfg = Release|Any CPU
		{305FA0AD-4825-43E7-B77C-825D64CBE671}.Release|Any CPU.Build.0 = Release|Any CPU
		{857FFD27-9756-4F21-B4D1-39971F93830F}.Debug|Any CPU.ActiveCfg = Debug|Any CPU
		{857FFD27-9756-4F21-B4D1-39971F93830F}.Debug|Any CPU.Build.0 = Debug|Any CPU
		{857FFD27-9756-4F21-B4D1-39971F93830F}.Release|Any CPU.ActiveCfg = Release|Any CPU
		{857FFD27-9756-4F21-B4D1-39971F93830F}.Release|Any CPU.Build.0 = Release|Any CPU
	EndGlobalSection
	GlobalSection(SolutionProperties) = preSolution
		HideSolutionNode = FALSE
	EndGlobalSection
	GlobalSection(ExtensibilityGlobals) = postSolution
		SolutionGuid = {BFE231AF-0157-4FDD-90F6-188178F0782B}
	EndGlobalSection
EndGlobal
