
Microsoft Visual Studio Solution File, Format Version 12.00
# Visual Studio 15
VisualStudioVersion = 15.0.27004.2010
MinimumVisualStudioVersion = 10.0.40219.1
Project("{FAE04EC0-301F-11D3-BF4B-00C04F79EFBC}") = "PTM.StartConsole", "PTM.StartConsole\PTM.StartConsole.csproj", "{931C2408-9F9B-4241-A81D-04767DDFE2F3}"
EndProject
Project("{FAE04EC0-301F-11D3-BF4B-00C04F79EFBC}") = "PTM.Httpd", "PTM.Httpd\PTM.Httpd.csproj", "{4DC47825-4463-4A5A-B386-7392961D9D71}"
EndProject
Project("{D954291E-2A0B-460D-934E-DC6B0785DB48}") = "PTM.Web", "PTM.Web\PTM.Web.shproj", "{63FF2F8D-07B1-43FC-9FAC-CC34BA245819}"
EndProject
Project("{FAE04EC0-301F-11D3-BF4B-00C04F79EFBC}") = "PTM.ORM", "PTM.ORM\PTM.ORM.csproj", "{84E73E85-0A99-4E35-B619-8C654E674BC3}"
EndProject
Project("{FAE04EC0-301F-11D3-BF4B-00C04F79EFBC}") = "PTM.WindowForm", "PTM.WindowForm\PTM.WindowForm.csproj", "{DA7763B5-FF11-4B0A-A0B2-DA7BBD7F3150}"
EndProject
Global
	GlobalSection(SharedMSBuildProjectFiles) = preSolution
		PTM.Web\PTM.Web.projitems*{63ff2f8d-07b1-43fc-9fac-cc34ba245819}*SharedItemsImports = 13
	EndGlobalSection
	GlobalSection(SolutionConfigurationPlatforms) = preSolution
		Debug|Any CPU = Debug|Any CPU
		Release|Any CPU = Release|Any CPU
	EndGlobalSection
	GlobalSection(ProjectConfigurationPlatforms) = postSolution
		{931C2408-9F9B-4241-A81D-04767DDFE2F3}.Debug|Any CPU.ActiveCfg = Debug|Any CPU
		{931C2408-9F9B-4241-A81D-04767DDFE2F3}.Debug|Any CPU.Build.0 = Debug|Any CPU
		{931C2408-9F9B-4241-A81D-04767DDFE2F3}.Release|Any CPU.ActiveCfg = Release|Any CPU
		{931C2408-9F9B-4241-A81D-04767DDFE2F3}.Release|Any CPU.Build.0 = Release|Any CPU
		{4DC47825-4463-4A5A-B386-7392961D9D71}.Debug|Any CPU.ActiveCfg = Debug|Any CPU
		{4DC47825-4463-4A5A-B386-7392961D9D71}.Debug|Any CPU.Build.0 = Debug|Any CPU
		{4DC47825-4463-4A5A-B386-7392961D9D71}.Release|Any CPU.ActiveCfg = Release|Any CPU
		{4DC47825-4463-4A5A-B386-7392961D9D71}.Release|Any CPU.Build.0 = Release|Any CPU
		{84E73E85-0A99-4E35-B619-8C654E674BC3}.Debug|Any CPU.ActiveCfg = Debug|Any CPU
		{84E73E85-0A99-4E35-B619-8C654E674BC3}.Debug|Any CPU.Build.0 = Debug|Any CPU
		{84E73E85-0A99-4E35-B619-8C654E674BC3}.Release|Any CPU.ActiveCfg = Release|Any CPU
		{84E73E85-0A99-4E35-B619-8C654E674BC3}.Release|Any CPU.Build.0 = Release|Any CPU
		{DA7763B5-FF11-4B0A-A0B2-DA7BBD7F3150}.Debug|Any CPU.ActiveCfg = Debug|Any CPU
		{DA7763B5-FF11-4B0A-A0B2-DA7BBD7F3150}.Debug|Any CPU.Build.0 = Debug|Any CPU
		{DA7763B5-FF11-4B0A-A0B2-DA7BBD7F3150}.Release|Any CPU.ActiveCfg = Release|Any CPU
		{DA7763B5-FF11-4B0A-A0B2-DA7BBD7F3150}.Release|Any CPU.Build.0 = Release|Any CPU
	EndGlobalSection
	GlobalSection(SolutionProperties) = preSolution
		HideSolutionNode = FALSE
	EndGlobalSection
	GlobalSection(ExtensibilityGlobals) = postSolution
		SolutionGuid = {FC3E4E99-632E-4409-A17C-D019DCF5A084}
	EndGlobalSection
EndGlobal
